
Microsoft Visual Studio Solution File, Format Version 12.00
# Visual Studio Version 17
VisualStudioVersion = 17.11.35327.3
MinimumVisualStudioVersion = 10.0.40219.1
Project("{FAE04EC0-301F-11D3-BF4B-00C04F79EFBC}") = "P01Wstep", "P01Wstep\P01Wstep.csproj", "{E40AD188-BC8A-4D8D-A858-FBD5968C0052}"
EndProject
Project("{FAE04EC0-301F-11D3-BF4B-00C04F79EFBC}") = "P02OperacjaNaNapisach", "P02OperacjaNaNapisach\P02OperacjaNaNapisach.csproj", "{34B0908F-C241-4833-8650-789FFBCA2D5A}"
EndProject
Project("{FAE04EC0-301F-11D3-BF4B-00C04F79EFBC}") = "P03WczytywanieDanych", "P03WczytywanieDanych\P03WczytywanieDanych.csproj", "{6B55931B-224D-4DB4-8487-15E67DE50E47}"
EndProject
Project("{FAE04EC0-301F-11D3-BF4B-00C04F79EFBC}") = "P04ZadanieNapisy", "P04ZadanieNapisy\P04ZadanieNapisy.csproj", "{BBE64544-35DD-4312-B730-58C03319CC95}"
EndProject
Project("{FAE04EC0-301F-11D3-BF4B-00C04F79EFBC}") = "P05Debugowanie", "P05Debugowanie\P05Debugowanie.csproj", "{91D6E354-BCC6-4A53-9C33-FB16027D3438}"
EndProject
Project("{FAE04EC0-301F-11D3-BF4B-00C04F79EFBC}") = "P06Operatory", "P06Operatory\P06Operatory.csproj", "{34253390-3285-4260-8B20-1C11C72A99BB}"
EndProject
Project("{FAE04EC0-301F-11D3-BF4B-00C04F79EFBC}") = "P07InstrukcjeWarukowe", "P07InstrukcjeWarukowe\P07InstrukcjeWarukowe.csproj", "{A246CF1F-86AE-4231-96E4-6B5B0218C617}"
EndProject
Project("{FAE04EC0-301F-11D3-BF4B-00C04F79EFBC}") = "P08Switch", "P08Switch\P08Switch.csproj", "{9D3DEDD6-CDCA-4210-9C6A-3C7E378353D0}"
EndProject
Project("{FAE04EC0-301F-11D3-BF4B-00C04F79EFBC}") = "P09Petle", "P09Petle\P09Petle.csproj", "{48D37D01-EF93-43B1-9F47-766D3BCDB310}"
EndProject
Project("{FAE04EC0-301F-11D3-BF4B-00C04F79EFBC}") = "P10ZadaniePetle", "P10ZadaniePetle\P10ZadaniePetle.csproj", "{AE5FFA54-8804-4FCE-A128-9972FEF0CC2E}"
EndProject
Global
	GlobalSection(SolutionConfigurationPlatforms) = preSolution
		Debug|Any CPU = Debug|Any CPU
		Release|Any CPU = Release|Any CPU
	EndGlobalSection
	GlobalSection(ProjectConfigurationPlatforms) = postSolution
		{E40AD188-BC8A-4D8D-A858-FBD5968C0052}.Debug|Any CPU.ActiveCfg = Debug|Any CPU
		{E40AD188-BC8A-4D8D-A858-FBD5968C0052}.Debug|Any CPU.Build.0 = Debug|Any CPU
		{E40AD188-BC8A-4D8D-A858-FBD5968C0052}.Release|Any CPU.ActiveCfg = Release|Any CPU
		{E40AD188-BC8A-4D8D-A858-FBD5968C0052}.Release|Any CPU.Build.0 = Release|Any CPU
		{34B0908F-C241-4833-8650-789FFBCA2D5A}.Debug|Any CPU.ActiveCfg = Debug|Any CPU
		{34B0908F-C241-4833-8650-789FFBCA2D5A}.Debug|Any CPU.Build.0 = Debug|Any CPU
		{34B0908F-C241-4833-8650-789FFBCA2D5A}.Release|Any CPU.ActiveCfg = Release|Any CPU
		{34B0908F-C241-4833-8650-789FFBCA2D5A}.Release|Any CPU.Build.0 = Release|Any CPU
		{6B55931B-224D-4DB4-8487-15E67DE50E47}.Debug|Any CPU.ActiveCfg = Debug|Any CPU
		{6B55931B-224D-4DB4-8487-15E67DE50E47}.Debug|Any CPU.Build.0 = Debug|Any CPU
		{6B55931B-224D-4DB4-8487-15E67DE50E47}.Release|Any CPU.ActiveCfg = Release|Any CPU
		{6B55931B-224D-4DB4-8487-15E67DE50E47}.Release|Any CPU.Build.0 = Release|Any CPU
		{BBE64544-35DD-4312-B730-58C03319CC95}.Debug|Any CPU.ActiveCfg = Debug|Any CPU
		{BBE64544-35DD-4312-B730-58C03319CC95}.Debug|Any CPU.Build.0 = Debug|Any CPU
		{BBE64544-35DD-4312-B730-58C03319CC95}.Release|Any CPU.ActiveCfg = Release|Any CPU
		{BBE64544-35DD-4312-B730-58C03319CC95}.Release|Any CPU.Build.0 = Release|Any CPU
		{91D6E354-BCC6-4A53-9C33-FB16027D3438}.Debug|Any CPU.ActiveCfg = Debug|Any CPU
		{91D6E354-BCC6-4A53-9C33-FB16027D3438}.Debug|Any CPU.Build.0 = Debug|Any CPU
		{91D6E354-BCC6-4A53-9C33-FB16027D3438}.Release|Any CPU.ActiveCfg = Release|Any CPU
		{91D6E354-BCC6-4A53-9C33-FB16027D3438}.Release|Any CPU.Build.0 = Release|Any CPU
		{34253390-3285-4260-8B20-1C11C72A99BB}.Debug|Any CPU.ActiveCfg = Debug|Any CPU
		{34253390-3285-4260-8B20-1C11C72A99BB}.Debug|Any CPU.Build.0 = Debug|Any CPU
		{34253390-3285-4260-8B20-1C11C72A99BB}.Release|Any CPU.ActiveCfg = Release|Any CPU
		{34253390-3285-4260-8B20-1C11C72A99BB}.Release|Any CPU.Build.0 = Release|Any CPU
		{A246CF1F-86AE-4231-96E4-6B5B0218C617}.Debug|Any CPU.ActiveCfg = Debug|Any CPU
		{A246CF1F-86AE-4231-96E4-6B5B0218C617}.Debug|Any CPU.Build.0 = Debug|Any CPU
		{A246CF1F-86AE-4231-96E4-6B5B0218C617}.Release|Any CPU.ActiveCfg = Release|Any CPU
		{A246CF1F-86AE-4231-96E4-6B5B0218C617}.Release|Any CPU.Build.0 = Release|Any CPU
		{9D3DEDD6-CDCA-4210-9C6A-3C7E378353D0}.Debug|Any CPU.ActiveCfg = Debug|Any CPU
		{9D3DEDD6-CDCA-4210-9C6A-3C7E378353D0}.Debug|Any CPU.Build.0 = Debug|Any CPU
		{9D3DEDD6-CDCA-4210-9C6A-3C7E378353D0}.Release|Any CPU.ActiveCfg = Release|Any CPU
		{9D3DEDD6-CDCA-4210-9C6A-3C7E378353D0}.Release|Any CPU.Build.0 = Release|Any CPU
		{48D37D01-EF93-43B1-9F47-766D3BCDB310}.Debug|Any CPU.ActiveCfg = Debug|Any CPU
		{48D37D01-EF93-43B1-9F47-766D3BCDB310}.Debug|Any CPU.Build.0 = Debug|Any CPU
		{48D37D01-EF93-43B1-9F47-766D3BCDB310}.Release|Any CPU.ActiveCfg = Release|Any CPU
		{48D37D01-EF93-43B1-9F47-766D3BCDB310}.Release|Any CPU.Build.0 = Release|Any CPU
		{AE5FFA54-8804-4FCE-A128-9972FEF0CC2E}.Debug|Any CPU.ActiveCfg = Debug|Any CPU
		{AE5FFA54-8804-4FCE-A128-9972FEF0CC2E}.Debug|Any CPU.Build.0 = Debug|Any CPU
		{AE5FFA54-8804-4FCE-A128-9972FEF0CC2E}.Release|Any CPU.ActiveCfg = Release|Any CPU
		{AE5FFA54-8804-4FCE-A128-9972FEF0CC2E}.Release|Any CPU.Build.0 = Release|Any CPU
	EndGlobalSection
	GlobalSection(SolutionProperties) = preSolution
		HideSolutionNode = FALSE
	EndGlobalSection
	GlobalSection(ExtensibilityGlobals) = postSolution
		SolutionGuid = {99E41F75-BE64-4884-B6D6-66CFBD2EE6BC}
	EndGlobalSection
EndGlobal
